
Microsoft Visual Studio Solution File, Format Version 12.00
# Visual Studio 15
VisualStudioVersion = 15.0.28307.757
MinimumVisualStudioVersion = 10.0.40219.1
Project("{FAE04EC0-301F-11D3-BF4B-00C04F79EFBC}") = "LitOrg", "LitOrg\LitOrg.csproj", "{92DF4C4E-B5A4-4F86-9B34-03C30298ACEF}"
EndProject
Global
	GlobalSection(SolutionConfigurationPlatforms) = preSolution
		Debug|Any CPU = Debug|Any CPU
		Release|Any CPU = Release|Any CPU
	EndGlobalSection
	GlobalSection(ProjectConfigurationPlatforms) = postSolution
		{92DF4C4E-B5A4-4F86-9B34-03C30298ACEF}.Debug|Any CPU.ActiveCfg = Debug|Any CPU
		{92DF4C4E-B5A4-4F86-9B34-03C30298ACEF}.Debug|Any CPU.Build.0 = Debug|Any CPU
		{92DF4C4E-B5A4-4F86-9B34-03C30298ACEF}.Release|Any CPU.ActiveCfg = Release|Any CPU
		{92DF4C4E-B5A4-4F86-9B34-03C30298ACEF}.Release|Any CPU.Build.0 = Release|Any CPU
	EndGlobalSection
	GlobalSection(SolutionProperties) = preSolution
		HideSolutionNode = FALSE
	EndGlobalSection
	GlobalSection(ExtensibilityGlobals) = postSolution
		SolutionGuid = {E38B31AA-6439-439B-9A9F-79353F027FE0}
	EndGlobalSection
EndGlobal
